# This file is autogenerated, do not edit; changes may be undone by the next 'dep ensure'.


[[projects]]
  branch = "master"
  name = "github.com/lann/builder"
  packages = ["."]
  revision = "1b87b36280d04fe7882d1512bf038ea2967ad534"

[[projects]]
  branch = "master"
  name = "github.com/lann/ps"
  packages = ["."]
  revision = "62de8c46ede02a7675c4c79c84883eb164cb71e3"

[[projects]]
  name = "github.com/satori/go.uuid"
  packages = ["."]
  revision = "f58768cc1a7a7e77a3bd49e98cdd21419399b6a3"
  version = "v1.2.0"

[[projects]]
  branch = "v1"
  name = "gopkg.in/jarcoal/httpmock.v1"
  packages = ["."]
  revision = "16f9a43967d613f0adc2000f0094a17b9f6c4c20"

[solve-meta]
  analyzer-name = "dep"
  analyzer-version = 1
  inputs-digest = "a088e1e1a7163e43eeace5b508f140ee78041ead1893379e9893a948633d5de0"
  solver-name = "gps-cdcl"
  solver-version = 1
