# This file is autogenerated, do not edit; changes may be undone by the next 'dep ensure'.


[[projects]]
  branch = "master"
  name = "github.com/lann/builder"
  packages = ["."]
  revision = "1b87b36280d04fe7882d1512bf038ea2967ad534"

[[projects]]
  branch = "master"
  name = "github.com/lann/ps"
  packages = ["."]
  revision = "62de8c46ede02a7675c4c79c84883eb164cb71e3"

[[projects]]
  branch = "v1"
  name = "gopkg.in/jarcoal/httpmock.v1"
  packages = ["."]
  revision = "16f9a43967d613f0adc2000f0094a17b9f6c4c20"

[solve-meta]
  analyzer-name = "dep"
  analyzer-version = 1
  inputs-digest = "595790889df79c8dcf39187ebfc7fdc7a60e230381322058534fb89e4210bb5e"
  solver-name = "gps-cdcl"
  solver-version = 1
